
Microsoft Visual Studio Solution File, Format Version 12.00
# Visual Studio 15
VisualStudioVersion = 15.0.26124.0
MinimumVisualStudioVersion = 15.0.26124.0
Project("{2150E333-8FDC-42A3-9474-1A3956D46DE8}") = "src", "src", "{6F8BEA76-D019-4E18-B1A4-E8DEC41F4189}"
EndProject
Project("{FAE04EC0-301F-11D3-BF4B-00C04F79EFBC}") = "GradeBook", "src\GradeBook\GradeBook.csproj", "{8C795671-E348-472D-A45A-1045C07C6109}"
EndProject
Project("{2150E333-8FDC-42A3-9474-1A3956D46DE8}") = "test", "test", "{E5F3D3AD-DF9B-4899-B795-3EE3701ABA06}"
EndProject
Project("{FAE04EC0-301F-11D3-BF4B-00C04F79EFBC}") = "GradeBook.Tests", "test\GradeBook.Tests\GradeBook.Tests.csproj", "{4540CA69-F4FD-493C-937F-086F988E154E}"
EndProject
Global
	GlobalSection(SolutionConfigurationPlatforms) = preSolution
		Debug|Any CPU = Debug|Any CPU
		Debug|x64 = Debug|x64
		Debug|x86 = Debug|x86
		Release|Any CPU = Release|Any CPU
		Release|x64 = Release|x64
		Release|x86 = Release|x86
	EndGlobalSection
	GlobalSection(SolutionProperties) = preSolution
		HideSolutionNode = FALSE
	EndGlobalSection
	GlobalSection(ProjectConfigurationPlatforms) = postSolution
		{8C795671-E348-472D-A45A-1045C07C6109}.Debug|Any CPU.ActiveCfg = Debug|Any CPU
		{8C795671-E348-472D-A45A-1045C07C6109}.Debug|Any CPU.Build.0 = Debug|Any CPU
		{8C795671-E348-472D-A45A-1045C07C6109}.Debug|x64.ActiveCfg = Debug|Any CPU
		{8C795671-E348-472D-A45A-1045C07C6109}.Debug|x64.Build.0 = Debug|Any CPU
		{8C795671-E348-472D-A45A-1045C07C6109}.Debug|x86.ActiveCfg = Debug|Any CPU
		{8C795671-E348-472D-A45A-1045C07C6109}.Debug|x86.Build.0 = Debug|Any CPU
		{8C795671-E348-472D-A45A-1045C07C6109}.Release|Any CPU.ActiveCfg = Release|Any CPU
		{8C795671-E348-472D-A45A-1045C07C6109}.Release|Any CPU.Build.0 = Release|Any CPU
		{8C795671-E348-472D-A45A-1045C07C6109}.Release|x64.ActiveCfg = Release|Any CPU
		{8C795671-E348-472D-A45A-1045C07C6109}.Release|x64.Build.0 = Release|Any CPU
		{8C795671-E348-472D-A45A-1045C07C6109}.Release|x86.ActiveCfg = Release|Any CPU
		{8C795671-E348-472D-A45A-1045C07C6109}.Release|x86.Build.0 = Release|Any CPU
		{4540CA69-F4FD-493C-937F-086F988E154E}.Debug|Any CPU.ActiveCfg = Debug|Any CPU
		{4540CA69-F4FD-493C-937F-086F988E154E}.Debug|Any CPU.Build.0 = Debug|Any CPU
		{4540CA69-F4FD-493C-937F-086F988E154E}.Debug|x64.ActiveCfg = Debug|Any CPU
		{4540CA69-F4FD-493C-937F-086F988E154E}.Debug|x64.Build.0 = Debug|Any CPU
		{4540CA69-F4FD-493C-937F-086F988E154E}.Debug|x86.ActiveCfg = Debug|Any CPU
		{4540CA69-F4FD-493C-937F-086F988E154E}.Debug|x86.Build.0 = Debug|Any CPU
		{4540CA69-F4FD-493C-937F-086F988E154E}.Release|Any CPU.ActiveCfg = Release|Any CPU
		{4540CA69-F4FD-493C-937F-086F988E154E}.Release|Any CPU.Build.0 = Release|Any CPU
		{4540CA69-F4FD-493C-937F-086F988E154E}.Release|x64.ActiveCfg = Release|Any CPU
		{4540CA69-F4FD-493C-937F-086F988E154E}.Release|x64.Build.0 = Release|Any CPU
		{4540CA69-F4FD-493C-937F-086F988E154E}.Release|x86.ActiveCfg = Release|Any CPU
		{4540CA69-F4FD-493C-937F-086F988E154E}.Release|x86.Build.0 = Release|Any CPU
	EndGlobalSection
	GlobalSection(NestedProjects) = preSolution
		{8C795671-E348-472D-A45A-1045C07C6109} = {6F8BEA76-D019-4E18-B1A4-E8DEC41F4189}
		{4540CA69-F4FD-493C-937F-086F988E154E} = {E5F3D3AD-DF9B-4899-B795-3EE3701ABA06}
	EndGlobalSection
EndGlobal
